
Microsoft Visual Studio Solution File, Format Version 12.00
# Visual Studio 15
VisualStudioVersion = 15.0.28307.1231
MinimumVisualStudioVersion = 10.0.40219.1
Project("{FAE04EC0-301F-11D3-BF4B-00C04F79EFBC}") = "Task1", "Task1.1\Task1.csproj", "{2E8EB5AA-0DCC-43E0-A986-3D2D521AF3C0}"
EndProject
Project("{930C7802-8A8C-48F9-8165-68863BCCD9DD}") = "Task1Wix", "Task1Wix\Task1Wix.wixproj", "{46FEF860-A5D4-4A5C-8B5C-DBC81BDCD159}"
EndProject
Project("{C7167F0D-BC9F-4E6E-AFE1-012C56B48DB5}") = "Task1PackagingProject", "Task1PackagingProject\Task1PackagingProject.wapproj", "{1DA71637-874E-4798-B3D9-0A13E6B11D1E}"
EndProject
Project("{C7167F0D-BC9F-4E6E-AFE1-012C56B48DB5}") = "TASK1PACKAGINGPROJECTHD", "TASK1PACKAGINGPROJECTHD\TASK1PACKAGINGPROJECTHD.wapproj", "{B6918C0A-583C-4371-8319-A9BBB47B085F}"
EndProject
Global
	GlobalSection(SolutionConfigurationPlatforms) = preSolution
		Debug|Any CPU = Debug|Any CPU
		Debug|x64 = Debug|x64
		Debug|x86 = Debug|x86
		Release|Any CPU = Release|Any CPU
		Release|x64 = Release|x64
		Release|x86 = Release|x86
	EndGlobalSection
	GlobalSection(ProjectConfigurationPlatforms) = postSolution
		{2E8EB5AA-0DCC-43E0-A986-3D2D521AF3C0}.Debug|Any CPU.ActiveCfg = Debug|Any CPU
		{2E8EB5AA-0DCC-43E0-A986-3D2D521AF3C0}.Debug|Any CPU.Build.0 = Debug|Any CPU
		{2E8EB5AA-0DCC-43E0-A986-3D2D521AF3C0}.Debug|x64.ActiveCfg = Debug|Any CPU
		{2E8EB5AA-0DCC-43E0-A986-3D2D521AF3C0}.Debug|x64.Build.0 = Debug|Any CPU
		{2E8EB5AA-0DCC-43E0-A986-3D2D521AF3C0}.Debug|x86.ActiveCfg = Debug|Any CPU
		{2E8EB5AA-0DCC-43E0-A986-3D2D521AF3C0}.Debug|x86.Build.0 = Debug|Any CPU
		{2E8EB5AA-0DCC-43E0-A986-3D2D521AF3C0}.Release|Any CPU.ActiveCfg = Release|Any CPU
		{2E8EB5AA-0DCC-43E0-A986-3D2D521AF3C0}.Release|Any CPU.Build.0 = Release|Any CPU
		{2E8EB5AA-0DCC-43E0-A986-3D2D521AF3C0}.Release|x64.ActiveCfg = Release|Any CPU
		{2E8EB5AA-0DCC-43E0-A986-3D2D521AF3C0}.Release|x64.Build.0 = Release|Any CPU
		{2E8EB5AA-0DCC-43E0-A986-3D2D521AF3C0}.Release|x86.ActiveCfg = Release|Any CPU
		{2E8EB5AA-0DCC-43E0-A986-3D2D521AF3C0}.Release|x86.Build.0 = Release|Any CPU
		{46FEF860-A5D4-4A5C-8B5C-DBC81BDCD159}.Debug|Any CPU.ActiveCfg = Debug|x86
		{46FEF860-A5D4-4A5C-8B5C-DBC81BDCD159}.Debug|x64.ActiveCfg = Debug|x86
		{46FEF860-A5D4-4A5C-8B5C-DBC81BDCD159}.Debug|x86.ActiveCfg = Debug|x86
		{46FEF860-A5D4-4A5C-8B5C-DBC81BDCD159}.Debug|x86.Build.0 = Debug|x86
		{46FEF860-A5D4-4A5C-8B5C-DBC81BDCD159}.Release|Any CPU.ActiveCfg = Release|x86
		{46FEF860-A5D4-4A5C-8B5C-DBC81BDCD159}.Release|x64.ActiveCfg = Release|x86
		{46FEF860-A5D4-4A5C-8B5C-DBC81BDCD159}.Release|x86.ActiveCfg = Release|x86
		{46FEF860-A5D4-4A5C-8B5C-DBC81BDCD159}.Release|x86.Build.0 = Release|x86
		{1DA71637-874E-4798-B3D9-0A13E6B11D1E}.Debug|Any CPU.ActiveCfg = Debug|Any CPU
		{1DA71637-874E-4798-B3D9-0A13E6B11D1E}.Debug|Any CPU.Build.0 = Debug|Any CPU
		{1DA71637-874E-4798-B3D9-0A13E6B11D1E}.Debug|Any CPU.Deploy.0 = Debug|Any CPU
		{1DA71637-874E-4798-B3D9-0A13E6B11D1E}.Debug|x64.ActiveCfg = Debug|x64
		{1DA71637-874E-4798-B3D9-0A13E6B11D1E}.Debug|x64.Build.0 = Debug|x64
		{1DA71637-874E-4798-B3D9-0A13E6B11D1E}.Debug|x64.Deploy.0 = Debug|x64
		{1DA71637-874E-4798-B3D9-0A13E6B11D1E}.Debug|x86.ActiveCfg = Debug|x86
		{1DA71637-874E-4798-B3D9-0A13E6B11D1E}.Debug|x86.Build.0 = Debug|x86
		{1DA71637-874E-4798-B3D9-0A13E6B11D1E}.Debug|x86.Deploy.0 = Debug|x86
		{1DA71637-874E-4798-B3D9-0A13E6B11D1E}.Release|Any CPU.ActiveCfg = Release|Any CPU
		{1DA71637-874E-4798-B3D9-0A13E6B11D1E}.Release|Any CPU.Build.0 = Release|Any CPU
		{1DA71637-874E-4798-B3D9-0A13E6B11D1E}.Release|Any CPU.Deploy.0 = Release|Any CPU
		{1DA71637-874E-4798-B3D9-0A13E6B11D1E}.Release|x64.ActiveCfg = Release|x64
		{1DA71637-874E-4798-B3D9-0A13E6B11D1E}.Release|x64.Build.0 = Release|x64
		{1DA71637-874E-4798-B3D9-0A13E6B11D1E}.Release|x64.Deploy.0 = Release|x64
		{1DA71637-874E-4798-B3D9-0A13E6B11D1E}.Release|x86.ActiveCfg = Release|x86
		{1DA71637-874E-4798-B3D9-0A13E6B11D1E}.Release|x86.Build.0 = Release|x86
		{1DA71637-874E-4798-B3D9-0A13E6B11D1E}.Release|x86.Deploy.0 = Release|x86
		{B6918C0A-583C-4371-8319-A9BBB47B085F}.Debug|Any CPU.ActiveCfg = Debug|Any CPU
		{B6918C0A-583C-4371-8319-A9BBB47B085F}.Debug|Any CPU.Build.0 = Debug|Any CPU
		{B6918C0A-583C-4371-8319-A9BBB47B085F}.Debug|Any CPU.Deploy.0 = Debug|Any CPU
		{B6918C0A-583C-4371-8319-A9BBB47B085F}.Debug|x64.ActiveCfg = Debug|x64
		{B6918C0A-583C-4371-8319-A9BBB47B085F}.Debug|x64.Build.0 = Debug|x64
		{B6918C0A-583C-4371-8319-A9BBB47B085F}.Debug|x64.Deploy.0 = Debug|x64
		{B6918C0A-583C-4371-8319-A9BBB47B085F}.Debug|x86.ActiveCfg = Debug|x86
		{B6918C0A-583C-4371-8319-A9BBB47B085F}.Debug|x86.Build.0 = Debug|x86
		{B6918C0A-583C-4371-8319-A9BBB47B085F}.Debug|x86.Deploy.0 = Debug|x86
		{B6918C0A-583C-4371-8319-A9BBB47B085F}.Release|Any CPU.ActiveCfg = Release|Any CPU
		{B6918C0A-583C-4371-8319-A9BBB47B085F}.Release|Any CPU.Build.0 = Release|Any CPU
		{B6918C0A-583C-4371-8319-A9BBB47B085F}.Release|Any CPU.Deploy.0 = Release|Any CPU
		{B6918C0A-583C-4371-8319-A9BBB47B085F}.Release|x64.ActiveCfg = Release|x64
		{B6918C0A-583C-4371-8319-A9BBB47B085F}.Release|x64.Build.0 = Release|x64
		{B6918C0A-583C-4371-8319-A9BBB47B085F}.Release|x64.Deploy.0 = Release|x64
		{B6918C0A-583C-4371-8319-A9BBB47B085F}.Release|x86.ActiveCfg = Release|x86
		{B6918C0A-583C-4371-8319-A9BBB47B085F}.Release|x86.Build.0 = Release|x86
		{B6918C0A-583C-4371-8319-A9BBB47B085F}.Release|x86.Deploy.0 = Release|x86
	EndGlobalSection
	GlobalSection(SolutionProperties) = preSolution
		HideSolutionNode = FALSE
	EndGlobalSection
	GlobalSection(ExtensibilityGlobals) = postSolution
		SolutionGuid = {0B196419-A594-4328-99DF-9D13D697F91F}
	EndGlobalSection
EndGlobal
